
Microsoft Visual Studio Solution File, Format Version 12.00
# Visual Studio 15
VisualStudioVersion = 15.0.28307.1062
MinimumVisualStudioVersion = 10.0.40219.1
Project("{FAE04EC0-301F-11D3-BF4B-00C04F79EFBC}") = "CNTodoList", "CNTodoList\CNTodoList.csproj", "{050626C7-136C-42B0-B27F-EB5699147241}"
EndProject
Global
	GlobalSection(SolutionConfigurationPlatforms) = preSolution
		Debug|Any CPU = Debug|Any CPU
		Release|Any CPU = Release|Any CPU
	EndGlobalSection
	GlobalSection(ProjectConfigurationPlatforms) = postSolution
		{050626C7-136C-42B0-B27F-EB5699147241}.Debug|Any CPU.ActiveCfg = Debug|Any CPU
		{050626C7-136C-42B0-B27F-EB5699147241}.Debug|Any CPU.Build.0 = Debug|Any CPU
		{050626C7-136C-42B0-B27F-EB5699147241}.Release|Any CPU.ActiveCfg = Release|Any CPU
		{050626C7-136C-42B0-B27F-EB5699147241}.Release|Any CPU.Build.0 = Release|Any CPU
	EndGlobalSection
	GlobalSection(SolutionProperties) = preSolution
		HideSolutionNode = FALSE
	EndGlobalSection
	GlobalSection(ExtensibilityGlobals) = postSolution
		SolutionGuid = {5F10A2E6-B236-4D71-A901-668D941E4FBF}
	EndGlobalSection
EndGlobal
